
Microsoft Visual Studio Solution File, Format Version 12.00
# Visual Studio Version 17
VisualStudioVersion = 17.13.35828.75 d17.13
MinimumVisualStudioVersion = 10.0.40219.1
Project("{FAE04EC0-301F-11D3-BF4B-00C04F79EFBC}") = "rentalsystem.api", "rentalsystem.api\rentalsystem.api.csproj", "{4E31FE88-BA18-4ECF-9CBF-8E1C768924B9}"
EndProject
Global
	GlobalSection(SolutionConfigurationPlatforms) = preSolution
		Debug|Any CPU = Debug|Any CPU
		Release|Any CPU = Release|Any CPU
	EndGlobalSection
	GlobalSection(ProjectConfigurationPlatforms) = postSolution
		{4E31FE88-BA18-4ECF-9CBF-8E1C768924B9}.Debug|Any CPU.ActiveCfg = Debug|Any CPU
		{4E31FE88-BA18-4ECF-9CBF-8E1C768924B9}.Debug|Any CPU.Build.0 = Debug|Any CPU
		{4E31FE88-BA18-4ECF-9CBF-8E1C768924B9}.Release|Any CPU.ActiveCfg = Release|Any CPU
		{4E31FE88-BA18-4ECF-9CBF-8E1C768924B9}.Release|Any CPU.Build.0 = Release|Any CPU
	EndGlobalSection
	GlobalSection(SolutionProperties) = preSolution
		HideSolutionNode = FALSE
	EndGlobalSection
	GlobalSection(ExtensibilityGlobals) = postSolution
		SolutionGuid = {551E55E5-54C1-4A54-B5AE-40708E06FE46}
	EndGlobalSection
EndGlobal
